
Microsoft Visual Studio Solution File, Format Version 12.00
# Visual Studio Version 17
VisualStudioVersion = 17.11.35312.102
MinimumVisualStudioVersion = 10.0.40219.1
Project("{FAE04EC0-301F-11D3-BF4B-00C04F79EFBC}") = "LibreriaSofttek", "LibreriaSofttek\LibreriaSofttek.csproj", "{0DE45026-E3B3-4A6E-9B43-9EA2C54228C8}"
EndProject
Global
	GlobalSection(SolutionConfigurationPlatforms) = preSolution
		Debug|Any CPU = Debug|Any CPU
		Release|Any CPU = Release|Any CPU
	EndGlobalSection
	GlobalSection(ProjectConfigurationPlatforms) = postSolution
		{0DE45026-E3B3-4A6E-9B43-9EA2C54228C8}.Debug|Any CPU.ActiveCfg = Debug|Any CPU
		{0DE45026-E3B3-4A6E-9B43-9EA2C54228C8}.Debug|Any CPU.Build.0 = Debug|Any CPU
		{0DE45026-E3B3-4A6E-9B43-9EA2C54228C8}.Release|Any CPU.ActiveCfg = Release|Any CPU
		{0DE45026-E3B3-4A6E-9B43-9EA2C54228C8}.Release|Any CPU.Build.0 = Release|Any CPU
	EndGlobalSection
	GlobalSection(SolutionProperties) = preSolution
		HideSolutionNode = FALSE
	EndGlobalSection
	GlobalSection(ExtensibilityGlobals) = postSolution
		SolutionGuid = {EBEBB635-480A-4C15-91AE-37C0F4BCF74B}
	EndGlobalSection
EndGlobal
